// !$*UTF8*$!
{
	archiveVersion = 1;
	classes = {
	};
	objectVersion = 46;
	objects = {

/* Begin PBXBuildFile section */
		1D0BE6AE1EC9B08000F694A2 /* ViewControllerMovie.swift in Sources */ = {isa = PBXBuildFile; fileRef = 1D0BE6AD1EC9B08000F694A2 /* ViewControllerMovie.swift */; };
		1D0BE6B01EC9BBEA00F694A2 /* ViewControllerMyProfile.swift in Sources */ = {isa = PBXBuildFile; fileRef = 1D0BE6AF1EC9BBEA00F694A2 /* ViewControllerMyProfile.swift */; };
		1D0BE6B21EC9C53700F694A2 /* ViewControllerMyReview.swift in Sources */ = {isa = PBXBuildFile; fileRef = 1D0BE6B11EC9C53700F694A2 /* ViewControllerMyReview.swift */; };
		1D0C64BE1EC75501003FFC9B /* TableViewCellReviews.swift in Sources */ = {isa = PBXBuildFile; fileRef = 1D0C64BD1EC75501003FFC9B /* TableViewCellReviews.swift */; };
		1D11070B1EC5B77A00FC9E94 /* ViewControllerFriendProfile.swift in Sources */ = {isa = PBXBuildFile; fileRef = 1D11070A1EC5B77A00FC9E94 /* ViewControllerFriendProfile.swift */; };
		1D21B64F1EC0780800E5D482 /* AppDelegate.swift in Sources */ = {isa = PBXBuildFile; fileRef = 1D21B64E1EC0780800E5D482 /* AppDelegate.swift */; };
		1D21B6511EC0780800E5D482 /* ViewController.swift in Sources */ = {isa = PBXBuildFile; fileRef = 1D21B6501EC0780800E5D482 /* ViewController.swift */; };
		1D21B6541EC0780800E5D482 /* Main.storyboard in Resources */ = {isa = PBXBuildFile; fileRef = 1D21B6521EC0780800E5D482 /* Main.storyboard */; };
		1D21B6571EC0780800E5D482 /* TheMovieCritiqueV2.xcdatamodeld in Sources */ = {isa = PBXBuildFile; fileRef = 1D21B6551EC0780800E5D482 /* TheMovieCritiqueV2.xcdatamodeld */; };
		1D21B6591EC0780800E5D482 /* Assets.xcassets in Resources */ = {isa = PBXBuildFile; fileRef = 1D21B6581EC0780800E5D482 /* Assets.xcassets */; };
		1D21B65C1EC0780800E5D482 /* LaunchScreen.storyboard in Resources */ = {isa = PBXBuildFile; fileRef = 1D21B65A1EC0780800E5D482 /* LaunchScreen.storyboard */; };
		1D21B6671EC0780800E5D482 /* TheMovieCritiqueV2Tests.swift in Sources */ = {isa = PBXBuildFile; fileRef = 1D21B6661EC0780800E5D482 /* TheMovieCritiqueV2Tests.swift */; };
		1D21B6721EC0780800E5D482 /* TheMovieCritiqueV2UITests.swift in Sources */ = {isa = PBXBuildFile; fileRef = 1D21B6711EC0780800E5D482 /* TheMovieCritiqueV2UITests.swift */; };
		1D2215681EC4E951007EE363 /* ViewControllerFriends.swift in Sources */ = {isa = PBXBuildFile; fileRef = 1D2215671EC4E951007EE363 /* ViewControllerFriends.swift */; };
		1D6033721EC5FF9E00E5069A /* ViewControllerTRYOUT.swift in Sources */ = {isa = PBXBuildFile; fileRef = 1D6033711EC5FF9E00E5069A /* ViewControllerTRYOUT.swift */; };
		1D6033761EC61E8D00E5069A /* CollectionViewCellReviews.swift in Sources */ = {isa = PBXBuildFile; fileRef = 1D6033751EC61E8D00E5069A /* CollectionViewCellReviews.swift */; };
		1D8687141EC4F4C400CF4C74 /* CollectionViewFriends.swift in Sources */ = {isa = PBXBuildFile; fileRef = 1D8687131EC4F4C400CF4C74 /* CollectionViewFriends.swift */; };
		1D96B51F1EC354820001B6C0 /* ViewController_NewsFeed.swift in Sources */ = {isa = PBXBuildFile; fileRef = 1D96B51E1EC354820001B6C0 /* ViewController_NewsFeed.swift */; };
		1D96B5231EC36A7B0001B6C0 /* CollectionViewMovies.swift in Sources */ = {isa = PBXBuildFile; fileRef = 1D96B5221EC36A7B0001B6C0 /* CollectionViewMovies.swift */; };
		1D96B5251EC39E9B0001B6C0 /* TableViewCellMovies.swift in Sources */ = {isa = PBXBuildFile; fileRef = 1D96B5241EC39E9B0001B6C0 /* TableViewCellMovies.swift */; };
		1DC525071EC9DAE300FA81F0 /* TableViewCellMovieReviews.swift in Sources */ = {isa = PBXBuildFile; fileRef = 1DC525061EC9DAE300FA81F0 /* TableViewCellMovieReviews.swift */; };
		1DED44681EC8A4E4000D24AB /* CollectionViewCellMovieList.swift in Sources */ = {isa = PBXBuildFile; fileRef = 1DED44671EC8A4E4000D24AB /* CollectionViewCellMovieList.swift */; };
		1DED446A1EC8A594000D24AB /* ViewControllerMovieList.swift in Sources */ = {isa = PBXBuildFile; fileRef = 1DED44691EC8A594000D24AB /* ViewControllerMovieList.swift */; };
		1DED446C1EC8B7A7000D24AB /* ViewControllerGenreList.swift in Sources */ = {isa = PBXBuildFile; fileRef = 1DED446B1EC8B7A7000D24AB /* ViewControllerGenreList.swift */; };
		1DED44701EC8B8E8000D24AB /* TableViewCellGenres.swift in Sources */ = {isa = PBXBuildFile; fileRef = 1DED446F1EC8B8E8000D24AB /* TableViewCellGenres.swift */; };
		1DF2918B1EC096C600AD4574 /* ViewControllerCreateAccount.swift in Sources */ = {isa = PBXBuildFile; fileRef = 1DF2918A1EC096C600AD4574 /* ViewControllerCreateAccount.swift */; };
		1DF2918D1EC229A800AD4574 /* ViewControllerNavigationExample.swift in Sources */ = {isa = PBXBuildFile; fileRef = 1DF2918C1EC229A800AD4574 /* ViewControllerNavigationExample.swift */; };
/* End PBXBuildFile section */

/* Begin PBXContainerItemProxy section */
		1D21B6631EC0780800E5D482 /* PBXContainerItemProxy */ = {
			isa = PBXContainerItemProxy;
			containerPortal = 1D21B6431EC0780800E5D482 /* Project object */;
			proxyType = 1;
			remoteGlobalIDString = 1D21B64A1EC0780800E5D482;
			remoteInfo = TheMovieCritiqueV2;
		};
		1D21B66E1EC0780800E5D482 /* PBXContainerItemProxy */ = {
			isa = PBXContainerItemProxy;
			containerPortal = 1D21B6431EC0780800E5D482 /* Project object */;
			proxyType = 1;
			remoteGlobalIDString = 1D21B64A1EC0780800E5D482;
			remoteInfo = TheMovieCritiqueV2;
		};
/* End PBXContainerItemProxy section */

/* Begin PBXFileReference section */
		1D0BE6AD1EC9B08000F694A2 /* ViewControllerMovie.swift */ = {isa = PBXFileReference; fileEncoding = 4; lastKnownFileType = sourcecode.swift; path = ViewControllerMovie.swift; sourceTree = "<group>"; };
		1D0BE6AF1EC9BBEA00F694A2 /* ViewControllerMyProfile.swift */ = {isa = PBXFileReference; fileEncoding = 4; lastKnownFileType = sourcecode.swift; name = ViewControllerMyProfile.swift; path = ../ViewControllerMyProfile.swift; sourceTree = "<group>"; };
		1D0BE6B11EC9C53700F694A2 /* ViewControllerMyReview.swift */ = {isa = PBXFileReference; fileEncoding = 4; lastKnownFileType = sourcecode.swift; path = ViewControllerMyReview.swift; sourceTree = "<group>"; };
		1D0C64BD1EC75501003FFC9B /* TableViewCellReviews.swift */ = {isa = PBXFileReference; fileEncoding = 4; lastKnownFileType = sourcecode.swift; path = TableViewCellReviews.swift; sourceTree = "<group>"; };
		1D11070A1EC5B77A00FC9E94 /* ViewControllerFriendProfile.swift */ = {isa = PBXFileReference; fileEncoding = 4; lastKnownFileType = sourcecode.swift; name = ViewControllerFriendProfile.swift; path = ../ViewControllerFriendProfile.swift; sourceTree = "<group>"; };
		1D21B64B1EC0780800E5D482 /* TheMovieCritiqueV2.app */ = {isa = PBXFileReference; explicitFileType = wrapper.application; includeInIndex = 0; path = TheMovieCritiqueV2.app; sourceTree = BUILT_PRODUCTS_DIR; };
		1D21B64E1EC0780800E5D482 /* AppDelegate.swift */ = {isa = PBXFileReference; lastKnownFileType = sourcecode.swift; path = AppDelegate.swift; sourceTree = "<group>"; };
		1D21B6501EC0780800E5D482 /* ViewController.swift */ = {isa = PBXFileReference; lastKnownFileType = sourcecode.swift; path = ViewController.swift; sourceTree = "<group>"; };
		1D21B6531EC0780800E5D482 /* Base */ = {isa = PBXFileReference; lastKnownFileType = file.storyboard; name = Base; path = Base.lproj/Main.storyboard; sourceTree = "<group>"; };
		1D21B6561EC0780800E5D482 /* TheMovieCritiqueV2.xcdatamodel */ = {isa = PBXFileReference; lastKnownFileType = wrapper.xcdatamodel; path = TheMovieCritiqueV2.xcdatamodel; sourceTree = "<group>"; };
		1D21B6581EC0780800E5D482 /* Assets.xcassets */ = {isa = PBXFileReference; lastKnownFileType = folder.assetcatalog; path = Assets.xcassets; sourceTree = "<group>"; };
		1D21B65B1EC0780800E5D482 /* Base */ = {isa = PBXFileReference; lastKnownFileType = file.storyboard; name = Base; path = Base.lproj/LaunchScreen.storyboard; sourceTree = "<group>"; };
		1D21B65D1EC0780800E5D482 /* Info.plist */ = {isa = PBXFileReference; lastKnownFileType = text.plist.xml; path = Info.plist; sourceTree = "<group>"; };
		1D21B6621EC0780800E5D482 /* TheMovieCritiqueV2Tests.xctest */ = {isa = PBXFileReference; explicitFileType = wrapper.cfbundle; includeInIndex = 0; path = TheMovieCritiqueV2Tests.xctest; sourceTree = BUILT_PRODUCTS_DIR; };
		1D21B6661EC0780800E5D482 /* TheMovieCritiqueV2Tests.swift */ = {isa = PBXFileReference; lastKnownFileType = sourcecode.swift; path = TheMovieCritiqueV2Tests.swift; sourceTree = "<group>"; };
		1D21B6681EC0780800E5D482 /* Info.plist */ = {isa = PBXFileReference; lastKnownFileType = text.plist.xml; path = Info.plist; sourceTree = "<group>"; };
		1D21B66D1EC0780800E5D482 /* TheMovieCritiqueV2UITests.xctest */ = {isa = PBXFileReference; explicitFileType = wrapper.cfbundle; includeInIndex = 0; path = TheMovieCritiqueV2UITests.xctest; sourceTree = BUILT_PRODUCTS_DIR; };
		1D21B6711EC0780800E5D482 /* TheMovieCritiqueV2UITests.swift */ = {isa = PBXFileReference; lastKnownFileType = sourcecode.swift; path = TheMovieCritiqueV2UITests.swift; sourceTree = "<group>"; };
		1D21B6731EC0780800E5D482 /* Info.plist */ = {isa = PBXFileReference; lastKnownFileType = text.plist.xml; path = Info.plist; sourceTree = "<group>"; };
		1D2215671EC4E951007EE363 /* ViewControllerFriends.swift */ = {isa = PBXFileReference; fileEncoding = 4; lastKnownFileType = sourcecode.swift; name = ViewControllerFriends.swift; path = ../ViewControllerFriends.swift; sourceTree = "<group>"; };
		1D6033711EC5FF9E00E5069A /* ViewControllerTRYOUT.swift */ = {isa = PBXFileReference; fileEncoding = 4; lastKnownFileType = sourcecode.swift; path = ViewControllerTRYOUT.swift; sourceTree = "<group>"; };
		1D6033751EC61E8D00E5069A /* CollectionViewCellReviews.swift */ = {isa = PBXFileReference; fileEncoding = 4; lastKnownFileType = sourcecode.swift; name = CollectionViewCellReviews.swift; path = ../CollectionViewCellReviews.swift; sourceTree = "<group>"; };
		1D8687131EC4F4C400CF4C74 /* CollectionViewFriends.swift */ = {isa = PBXFileReference; fileEncoding = 4; lastKnownFileType = sourcecode.swift; path = CollectionViewFriends.swift; sourceTree = "<group>"; };
		1D96B51E1EC354820001B6C0 /* ViewController_NewsFeed.swift */ = {isa = PBXFileReference; fileEncoding = 4; lastKnownFileType = sourcecode.swift; path = ViewController_NewsFeed.swift; sourceTree = "<group>"; };
		1D96B5221EC36A7B0001B6C0 /* CollectionViewMovies.swift */ = {isa = PBXFileReference; fileEncoding = 4; lastKnownFileType = sourcecode.swift; name = CollectionViewMovies.swift; path = ../CollectionViewMovies.swift; sourceTree = "<group>"; };
		1D96B5241EC39E9B0001B6C0 /* TableViewCellMovies.swift */ = {isa = PBXFileReference; fileEncoding = 4; lastKnownFileType = sourcecode.swift; path = TableViewCellMovies.swift; sourceTree = "<group>"; };
		1DC525061EC9DAE300FA81F0 /* TableViewCellMovieReviews.swift */ = {isa = PBXFileReference; fileEncoding = 4; lastKnownFileType = sourcecode.swift; path = TableViewCellMovieReviews.swift; sourceTree = "<group>"; };
		1DED44671EC8A4E4000D24AB /* CollectionViewCellMovieList.swift */ = {isa = PBXFileReference; fileEncoding = 4; lastKnownFileType = sourcecode.swift; name = CollectionViewCellMovieList.swift; path = ../CollectionViewCellMovieList.swift; sourceTree = "<group>"; };
		1DED44691EC8A594000D24AB /* ViewControllerMovieList.swift */ = {isa = PBXFileReference; fileEncoding = 4; lastKnownFileType = sourcecode.swift; path = ViewControllerMovieList.swift; sourceTree = "<group>"; };
		1DED446B1EC8B7A7000D24AB /* ViewControllerGenreList.swift */ = {isa = PBXFileReference; fileEncoding = 4; lastKnownFileType = sourcecode.swift; path = ViewControllerGenreList.swift; sourceTree = "<group>"; };
		1DED446F1EC8B8E8000D24AB /* TableViewCellGenres.swift */ = {isa = PBXFileReference; fileEncoding = 4; lastKnownFileType = sourcecode.swift; name = TableViewCellGenres.swift; path = ../TableViewCellGenres.swift; sourceTree = "<group>"; };
		1DF2918A1EC096C600AD4574 /* ViewControllerCreateAccount.swift */ = {isa = PBXFileReference; fileEncoding = 4; lastKnownFileType = sourcecode.swift; path = ViewControllerCreateAccount.swift; sourceTree = "<group>"; };
		1DF2918C1EC229A800AD4574 /* ViewControllerNavigationExample.swift */ = {isa = PBXFileReference; fileEncoding = 4; lastKnownFileType = sourcecode.swift; path = ViewControllerNavigationExample.swift; sourceTree = "<group>"; };
/* End PBXFileReference section */

/* Begin PBXFrameworksBuildPhase section */
		1D21B6481EC0780800E5D482 /* Frameworks */ = {
			isa = PBXFrameworksBuildPhase;
			buildActionMask = 2147483647;
			files = (
			);
			runOnlyForDeploymentPostprocessing = 0;
		};
		1D21B65F1EC0780800E5D482 /* Frameworks */ = {
			isa = PBXFrameworksBuildPhase;
			buildActionMask = 2147483647;
			files = (
			);
			runOnlyForDeploymentPostprocessing = 0;
		};
		1D21B66A1EC0780800E5D482 /* Frameworks */ = {
			isa = PBXFrameworksBuildPhase;
			buildActionMask = 2147483647;
			files = (
			);
			runOnlyForDeploymentPostprocessing = 0;
		};
/* End PBXFrameworksBuildPhase section */

/* Begin PBXGroup section */
		1D21B6421EC0780800E5D482 = {
			isa = PBXGroup;
			children = (
				1D21B64D1EC0780800E5D482 /* TheMovieCritiqueV2 */,
				1D21B6651EC0780800E5D482 /* TheMovieCritiqueV2Tests */,
				1D21B6701EC0780800E5D482 /* TheMovieCritiqueV2UITests */,
				1D21B64C1EC0780800E5D482 /* Products */,
			);
			sourceTree = "<group>";
		};
		1D21B64C1EC0780800E5D482 /* Products */ = {
			isa = PBXGroup;
			children = (
				1D21B64B1EC0780800E5D482 /* TheMovieCritiqueV2.app */,
				1D21B6621EC0780800E5D482 /* TheMovieCritiqueV2Tests.xctest */,
				1D21B66D1EC0780800E5D482 /* TheMovieCritiqueV2UITests.xctest */,
			);
			name = Products;
			sourceTree = "<group>";
		};
		1D21B64D1EC0780800E5D482 /* TheMovieCritiqueV2 */ = {
			isa = PBXGroup;
			children = (
				1D96B5221EC36A7B0001B6C0 /* CollectionViewMovies.swift */,
				1D8687131EC4F4C400CF4C74 /* CollectionViewFriends.swift */,
				1D96B5241EC39E9B0001B6C0 /* TableViewCellMovies.swift */,
				1D21B64E1EC0780800E5D482 /* AppDelegate.swift */,
				1D21B6501EC0780800E5D482 /* ViewController.swift */,
				1DF2918A1EC096C600AD4574 /* ViewControllerCreateAccount.swift */,
				1D21B6521EC0780800E5D482 /* Main.storyboard */,
				1DC525061EC9DAE300FA81F0 /* TableViewCellMovieReviews.swift */,
				1D0BE6B11EC9C53700F694A2 /* ViewControllerMyReview.swift */,
				1D0BE6AF1EC9BBEA00F694A2 /* ViewControllerMyProfile.swift */,
				1D0BE6AD1EC9B08000F694A2 /* ViewControllerMovie.swift */,
				1DED446B1EC8B7A7000D24AB /* ViewControllerGenreList.swift */,
				1DED446F1EC8B8E8000D24AB /* TableViewCellGenres.swift */,
				1DED44691EC8A594000D24AB /* ViewControllerMovieList.swift */,
				1DED44671EC8A4E4000D24AB /* CollectionViewCellMovieList.swift */,
				1D6033711EC5FF9E00E5069A /* ViewControllerTRYOUT.swift */,
				1D2215671EC4E951007EE363 /* ViewControllerFriends.swift */,
				1D6033751EC61E8D00E5069A /* CollectionViewCellReviews.swift */,
				1D0C64BD1EC75501003FFC9B /* TableViewCellReviews.swift */,
				1D11070A1EC5B77A00FC9E94 /* ViewControllerFriendProfile.swift */,
				1D96B51E1EC354820001B6C0 /* ViewController_NewsFeed.swift */,
				1DF2918C1EC229A800AD4574 /* ViewControllerNavigationExample.swift */,
				1D21B6581EC0780800E5D482 /* Assets.xcassets */,
				1D21B65A1EC0780800E5D482 /* LaunchScreen.storyboard */,
				1D21B65D1EC0780800E5D482 /* Info.plist */,
				1D21B6551EC0780800E5D482 /* TheMovieCritiqueV2.xcdatamodeld */,
			);
			path = TheMovieCritiqueV2;
			sourceTree = "<group>";
		};
		1D21B6651EC0780800E5D482 /* TheMovieCritiqueV2Tests */ = {
			isa = PBXGroup;
			children = (
				1D21B6661EC0780800E5D482 /* TheMovieCritiqueV2Tests.swift */,
				1D21B6681EC0780800E5D482 /* Info.plist */,
			);
			path = TheMovieCritiqueV2Tests;
			sourceTree = "<group>";
		};
		1D21B6701EC0780800E5D482 /* TheMovieCritiqueV2UITests */ = {
			isa = PBXGroup;
			children = (
				1D21B6711EC0780800E5D482 /* TheMovieCritiqueV2UITests.swift */,
				1D21B6731EC0780800E5D482 /* Info.plist */,
			);
			path = TheMovieCritiqueV2UITests;
			sourceTree = "<group>";
		};
/* End PBXGroup section */

/* Begin PBXNativeTarget section */
		1D21B64A1EC0780800E5D482 /* TheMovieCritiqueV2 */ = {
			isa = PBXNativeTarget;
			buildConfigurationList = 1D21B6761EC0780800E5D482 /* Build configuration list for PBXNativeTarget "TheMovieCritiqueV2" */;
			buildPhases = (
				1D21B6471EC0780800E5D482 /* Sources */,
				1D21B6481EC0780800E5D482 /* Frameworks */,
				1D21B6491EC0780800E5D482 /* Resources */,
			);
			buildRules = (
			);
			dependencies = (
			);
			name = TheMovieCritiqueV2;
			productName = TheMovieCritiqueV2;
			productReference = 1D21B64B1EC0780800E5D482 /* TheMovieCritiqueV2.app */;
			productType = "com.apple.product-type.application";
		};
		1D21B6611EC0780800E5D482 /* TheMovieCritiqueV2Tests */ = {
			isa = PBXNativeTarget;
			buildConfigurationList = 1D21B6791EC0780800E5D482 /* Build configuration list for PBXNativeTarget "TheMovieCritiqueV2Tests" */;
			buildPhases = (
				1D21B65E1EC0780800E5D482 /* Sources */,
				1D21B65F1EC0780800E5D482 /* Frameworks */,
				1D21B6601EC0780800E5D482 /* Resources */,
			);
			buildRules = (
			);
			dependencies = (
				1D21B6641EC0780800E5D482 /* PBXTargetDependency */,
			);
			name = TheMovieCritiqueV2Tests;
			productName = TheMovieCritiqueV2Tests;
			productReference = 1D21B6621EC0780800E5D482 /* TheMovieCritiqueV2Tests.xctest */;
			productType = "com.apple.product-type.bundle.unit-test";
		};
		1D21B66C1EC0780800E5D482 /* TheMovieCritiqueV2UITests */ = {
			isa = PBXNativeTarget;
			buildConfigurationList = 1D21B67C1EC0780800E5D482 /* Build configuration list for PBXNativeTarget "TheMovieCritiqueV2UITests" */;
			buildPhases = (
				1D21B6691EC0780800E5D482 /* Sources */,
				1D21B66A1EC0780800E5D482 /* Frameworks */,
				1D21B66B1EC0780800E5D482 /* Resources */,
			);
			buildRules = (
			);
			dependencies = (
				1D21B66F1EC0780800E5D482 /* PBXTargetDependency */,
			);
			name = TheMovieCritiqueV2UITests;
			productName = TheMovieCritiqueV2UITests;
			productReference = 1D21B66D1EC0780800E5D482 /* TheMovieCritiqueV2UITests.xctest */;
			productType = "com.apple.product-type.bundle.ui-testing";
		};
/* End PBXNativeTarget section */

/* Begin PBXProject section */
		1D21B6431EC0780800E5D482 /* Project object */ = {
			isa = PBXProject;
			attributes = {
				LastSwiftUpdateCheck = 0820;
				LastUpgradeCheck = 0820;
				ORGANIZATIONNAME = CCNN;
				TargetAttributes = {
					1D21B64A1EC0780800E5D482 = {
						CreatedOnToolsVersion = 8.2.1;
						DevelopmentTeam = 372GQ373L5;
						ProvisioningStyle = Automatic;
					};
					1D21B6611EC0780800E5D482 = {
						CreatedOnToolsVersion = 8.2.1;
						ProvisioningStyle = Automatic;
						TestTargetID = 1D21B64A1EC0780800E5D482;
					};
					1D21B66C1EC0780800E5D482 = {
						CreatedOnToolsVersion = 8.2.1;
						ProvisioningStyle = Automatic;
						TestTargetID = 1D21B64A1EC0780800E5D482;
					};
				};
			};
			buildConfigurationList = 1D21B6461EC0780800E5D482 /* Build configuration list for PBXProject "TheMovieCritiqueV2" */;
			compatibilityVersion = "Xcode 3.2";
			developmentRegion = English;
			hasScannedForEncodings = 0;
			knownRegions = (
				en,
				Base,
			);
			mainGroup = 1D21B6421EC0780800E5D482;
			productRefGroup = 1D21B64C1EC0780800E5D482 /* Products */;
			projectDirPath = "";
			projectRoot = "";
			targets = (
				1D21B64A1EC0780800E5D482 /* TheMovieCritiqueV2 */,
				1D21B6611EC0780800E5D482 /* TheMovieCritiqueV2Tests */,
				1D21B66C1EC0780800E5D482 /* TheMovieCritiqueV2UITests */,
			);
		};
/* End PBXProject section */

/* Begin PBXResourcesBuildPhase section */
		1D21B6491EC0780800E5D482 /* Resources */ = {
			isa = PBXResourcesBuildPhase;
			buildActionMask = 2147483647;
			files = (
				1D21B65C1EC0780800E5D482 /* LaunchScreen.storyboard in Resources */,
				1D21B6591EC0780800E5D482 /* Assets.xcassets in Resources */,
				1D21B6541EC0780800E5D482 /* Main.storyboard in Resources */,
			);
			runOnlyForDeploymentPostprocessing = 0;
		};
		1D21B6601EC0780800E5D482 /* Resources */ = {
			isa = PBXResourcesBuildPhase;
			buildActionMask = 2147483647;
			files = (
			);
			runOnlyForDeploymentPostprocessing = 0;
		};
		1D21B66B1EC0780800E5D482 /* Resources */ = {
			isa = PBXResourcesBuildPhase;
			buildActionMask = 2147483647;
			files = (
			);
			runOnlyForDeploymentPostprocessing = 0;
		};
/* End PBXResourcesBuildPhase section */

/* Begin PBXSourcesBuildPhase section */
		1D21B6471EC0780800E5D482 /* Sources */ = {
			isa = PBXSourcesBuildPhase;
			buildActionMask = 2147483647;
			files = (
				1DF2918D1EC229A800AD4574 /* ViewControllerNavigationExample.swift in Sources */,
				1D96B5231EC36A7B0001B6C0 /* CollectionViewMovies.swift in Sources */,
				1D8687141EC4F4C400CF4C74 /* CollectionViewFriends.swift in Sources */,
				1D0BE6B21EC9C53700F694A2 /* ViewControllerMyReview.swift in Sources */,
				1DED446C1EC8B7A7000D24AB /* ViewControllerGenreList.swift in Sources */,
				1DED446A1EC8A594000D24AB /* ViewControllerMovieList.swift in Sources */,
				1D0C64BE1EC75501003FFC9B /* TableViewCellReviews.swift in Sources */,
				1D2215681EC4E951007EE363 /* ViewControllerFriends.swift in Sources */,
				1DED44701EC8B8E8000D24AB /* TableViewCellGenres.swift in Sources */,
				1DED44681EC8A4E4000D24AB /* CollectionViewCellMovieList.swift in Sources */,
				1D0BE6AE1EC9B08000F694A2 /* ViewControllerMovie.swift in Sources */,
				1D96B5251EC39E9B0001B6C0 /* TableViewCellMovies.swift in Sources */,
				1DC525071EC9DAE300FA81F0 /* TableViewCellMovieReviews.swift in Sources */,
				1D96B51F1EC354820001B6C0 /* ViewController_NewsFeed.swift in Sources */,
				1DF2918B1EC096C600AD4574 /* ViewControllerCreateAccount.swift in Sources */,
				1D11070B1EC5B77A00FC9E94 /* ViewControllerFriendProfile.swift in Sources */,
				1D0BE6B01EC9BBEA00F694A2 /* ViewControllerMyProfile.swift in Sources */,
				1D21B6571EC0780800E5D482 /* TheMovieCritiqueV2.xcdatamodeld in Sources */,
				1D6033761EC61E8D00E5069A /* CollectionViewCellReviews.swift in Sources */,
				1D21B6511EC0780800E5D482 /* ViewController.swift in Sources */,
				1D21B64F1EC0780800E5D482 /* AppDelegate.swift in Sources */,
				1D6033721EC5FF9E00E5069A /* ViewControllerTRYOUT.swift in Sources */,
			);
			runOnlyForDeploymentPostprocessing = 0;
		};
		1D21B65E1EC0780800E5D482 /* Sources */ = {
			isa = PBXSourcesBuildPhase;
			buildActionMask = 2147483647;
			files = (
				1D21B6671EC0780800E5D482 /* TheMovieCritiqueV2Tests.swift in Sources */,
			);
			runOnlyForDeploymentPostprocessing = 0;
		};
		1D21B6691EC0780800E5D482 /* Sources */ = {
			isa = PBXSourcesBuildPhase;
			buildActionMask = 2147483647;
			files = (
				1D21B6721EC0780800E5D482 /* TheMovieCritiqueV2UITests.swift in Sources */,
			);
			runOnlyForDeploymentPostprocessing = 0;
		};
/* End PBXSourcesBuildPhase section */

/* Begin PBXTargetDependency section */
		1D21B6641EC0780800E5D482 /* PBXTargetDependency */ = {
			isa = PBXTargetDependency;
			target = 1D21B64A1EC0780800E5D482 /* TheMovieCritiqueV2 */;
			targetProxy = 1D21B6631EC0780800E5D482 /* PBXContainerItemProxy */;
		};
		1D21B66F1EC0780800E5D482 /* PBXTargetDependency */ = {
			isa = PBXTargetDependency;
			target = 1D21B64A1EC0780800E5D482 /* TheMovieCritiqueV2 */;
			targetProxy = 1D21B66E1EC0780800E5D482 /* PBXContainerItemProxy */;
		};
/* End PBXTargetDependency section */

/* Begin PBXVariantGroup section */
		1D21B6521EC0780800E5D482 /* Main.storyboard */ = {
			isa = PBXVariantGroup;
			children = (
				1D21B6531EC0780800E5D482 /* Base */,
			);
			name = Main.storyboard;
			sourceTree = "<group>";
		};
		1D21B65A1EC0780800E5D482 /* LaunchScreen.storyboard */ = {
			isa = PBXVariantGroup;
			children = (
				1D21B65B1EC0780800E5D482 /* Base */,
			);
			name = LaunchScreen.storyboard;
			sourceTree = "<group>";
		};
/* End PBXVariantGroup section */

/* Begin XCBuildConfiguration section */
		1D21B6741EC0780800E5D482 /* Debug */ = {
			isa = XCBuildConfiguration;
			buildSettings = {
				ALWAYS_SEARCH_USER_PATHS = NO;
				CLANG_ANALYZER_NONNULL = YES;
				CLANG_CXX_LANGUAGE_STANDARD = "gnu++0x";
				CLANG_CXX_LIBRARY = "libc++";
				CLANG_ENABLE_MODULES = YES;
				CLANG_ENABLE_OBJC_ARC = YES;
				CLANG_WARN_BOOL_CONVERSION = YES;
				CLANG_WARN_CONSTANT_CONVERSION = YES;
				CLANG_WARN_DIRECT_OBJC_ISA_USAGE = YES_ERROR;
				CLANG_WARN_DOCUMENTATION_COMMENTS = YES;
				CLANG_WARN_EMPTY_BODY = YES;
				CLANG_WARN_ENUM_CONVERSION = YES;
				CLANG_WARN_INFINITE_RECURSION = YES;
				CLANG_WARN_INT_CONVERSION = YES;
				CLANG_WARN_OBJC_ROOT_CLASS = YES_ERROR;
				CLANG_WARN_SUSPICIOUS_MOVE = YES;
				CLANG_WARN_UNREACHABLE_CODE = YES;
				CLANG_WARN__DUPLICATE_METHOD_MATCH = YES;
				"CODE_SIGN_IDENTITY[sdk=iphoneos*]" = "iPhone Developer";
				COPY_PHASE_STRIP = NO;
				DEBUG_INFORMATION_FORMAT = dwarf;
				ENABLE_STRICT_OBJC_MSGSEND = YES;
				ENABLE_TESTABILITY = YES;
				GCC_C_LANGUAGE_STANDARD = gnu99;
				GCC_DYNAMIC_NO_PIC = NO;
				GCC_NO_COMMON_BLOCKS = YES;
				GCC_OPTIMIZATION_LEVEL = 0;
				GCC_PREPROCESSOR_DEFINITIONS = (
					"DEBUG=1",
					"$(inherited)",
				);
				GCC_WARN_64_TO_32_BIT_CONVERSION = YES;
				GCC_WARN_ABOUT_RETURN_TYPE = YES_ERROR;
				GCC_WARN_UNDECLARED_SELECTOR = YES;
				GCC_WARN_UNINITIALIZED_AUTOS = YES_AGGRESSIVE;
				GCC_WARN_UNUSED_FUNCTION = YES;
				GCC_WARN_UNUSED_VARIABLE = YES;
				IPHONEOS_DEPLOYMENT_TARGET = 10.2;
				MTL_ENABLE_DEBUG_INFO = YES;
				ONLY_ACTIVE_ARCH = YES;
				SDKROOT = iphoneos;
				SWIFT_ACTIVE_COMPILATION_CONDITIONS = DEBUG;
				SWIFT_OPTIMIZATION_LEVEL = "-Onone";
				TARGETED_DEVICE_FAMILY = 2;
			};
			name = Debug;
		};
		1D21B6751EC0780800E5D482 /* Release */ = {
			isa = XCBuildConfiguration;
			buildSettings = {
				ALWAYS_SEARCH_USER_PATHS = NO;
				CLANG_ANALYZER_NONNULL = YES;
				CLANG_CXX_LANGUAGE_STANDARD = "gnu++0x";
				CLANG_CXX_LIBRARY = "libc++";
				CLANG_ENABLE_MODULES = YES;
				CLANG_ENABLE_OBJC_ARC = YES;
				CLANG_WARN_BOOL_CONVERSION = YES;
				CLANG_WARN_CONSTANT_CONVERSION = YES;
				CLANG_WARN_DIRECT_OBJC_ISA_USAGE = YES_ERROR;
				CLANG_WARN_DOCUMENTATION_COMMENTS = YES;
				CLANG_WARN_EMPTY_BODY = YES;
				CLANG_WARN_ENUM_CONVERSION = YES;
				CLANG_WARN_INFINITE_RECURSION = YES;
				CLANG_WARN_INT_CONVERSION = YES;
				CLANG_WARN_OBJC_ROOT_CLASS = YES_ERROR;
				CLANG_WARN_SUSPICIOUS_MOVE = YES;
				CLANG_WARN_UNREACHABLE_CODE = YES;
				CLANG_WARN__DUPLICATE_METHOD_MATCH = YES;
				"CODE_SIGN_IDENTITY[sdk=iphoneos*]" = "iPhone Developer";
				COPY_PHASE_STRIP = NO;
				DEBUG_INFORMATION_FORMAT = "dwarf-with-dsym";
				ENABLE_NS_ASSERTIONS = NO;
				ENABLE_STRICT_OBJC_MSGSEND = YES;
				GCC_C_LANGUAGE_STANDARD = gnu99;
				GCC_NO_COMMON_BLOCKS = YES;
				GCC_WARN_64_TO_32_BIT_CONVERSION = YES;
				GCC_WARN_ABOUT_RETURN_TYPE = YES_ERROR;
				GCC_WARN_UNDECLARED_SELECTOR = YES;
				GCC_WARN_UNINITIALIZED_AUTOS = YES_AGGRESSIVE;
				GCC_WARN_UNUSED_FUNCTION = YES;
				GCC_WARN_UNUSED_VARIABLE = YES;
				IPHONEOS_DEPLOYMENT_TARGET = 10.2;
				MTL_ENABLE_DEBUG_INFO = NO;
				SDKROOT = iphoneos;
				SWIFT_OPTIMIZATION_LEVEL = "-Owholemodule";
				TARGETED_DEVICE_FAMILY = 2;
				VALIDATE_PRODUCT = YES;
			};
			name = Release;
		};
		1D21B6771EC0780800E5D482 /* Debug */ = {
			isa = XCBuildConfiguration;
			buildSettings = {
				ASSETCATALOG_COMPILER_APPICON_NAME = AppIcon;
				DEVELOPMENT_TEAM = 372GQ373L5;
				INFOPLIST_FILE = TheMovieCritiqueV2/Info.plist;
				LD_RUNPATH_SEARCH_PATHS = "$(inherited) @executable_path/Frameworks";
				PRODUCT_BUNDLE_IDENTIFIER = com.ccnn.TheMovieCritiqueVersion2;
				PRODUCT_NAME = "$(TARGET_NAME)";
				SWIFT_VERSION = 3.0;
			};
			name = Debug;
		};
		1D21B6781EC0780800E5D482 /* Release */ = {
			isa = XCBuildConfiguration;
			buildSettings = {
				ASSETCATALOG_COMPILER_APPICON_NAME = AppIcon;
				DEVELOPMENT_TEAM = 372GQ373L5;
				INFOPLIST_FILE = TheMovieCritiqueV2/Info.plist;
				LD_RUNPATH_SEARCH_PATHS = "$(inherited) @executable_path/Frameworks";
				PRODUCT_BUNDLE_IDENTIFIER = com.ccnn.TheMovieCritiqueVersion2;
				PRODUCT_NAME = "$(TARGET_NAME)";
				SWIFT_VERSION = 3.0;
			};
			name = Release;
		};
		1D21B67A1EC0780800E5D482 /* Debug */ = {
			isa = XCBuildConfiguration;
			buildSettings = {
				ALWAYS_EMBED_SWIFT_STANDARD_LIBRARIES = YES;
				BUNDLE_LOADER = "$(TEST_HOST)";
				INFOPLIST_FILE = TheMovieCritiqueV2Tests/Info.plist;
				LD_RUNPATH_SEARCH_PATHS = "$(inherited) @executable_path/Frameworks @loader_path/Frameworks";
				PRODUCT_BUNDLE_IDENTIFIER = com.ccnn.TheMovieCritiqueV2Tests;
				PRODUCT_NAME = "$(TARGET_NAME)";
				SWIFT_VERSION = 3.0;
				TEST_HOST = "$(BUILT_PRODUCTS_DIR)/TheMovieCritiqueV2.app/TheMovieCritiqueV2";
			};
			name = Debug;
		};
		1D21B67B1EC0780800E5D482 /* Release */ = {
			isa = XCBuildConfiguration;
			buildSettings = {
				ALWAYS_EMBED_SWIFT_STANDARD_LIBRARIES = YES;
				BUNDLE_LOADER = "$(TEST_HOST)";
				INFOPLIST_FILE = TheMovieCritiqueV2Tests/Info.plist;
				LD_RUNPATH_SEARCH_PATHS = "$(inherited) @executable_path/Frameworks @loader_path/Frameworks";
				PRODUCT_BUNDLE_IDENTIFIER = com.ccnn.TheMovieCritiqueV2Tests;
				PRODUCT_NAME = "$(TARGET_NAME)";
				SWIFT_VERSION = 3.0;
				TEST_HOST = "$(BUILT_PRODUCTS_DIR)/TheMovieCritiqueV2.app/TheMovieCritiqueV2";
			};
			name = Release;
		};
		1D21B67D1EC0780800E5D482 /* Debug */ = {
			isa = XCBuildConfiguration;
			buildSettings = {
				ALWAYS_EMBED_SWIFT_STANDARD_LIBRARIES = YES;
				INFOPLIST_FILE = TheMovieCritiqueV2UITests/Info.plist;
				LD_RUNPATH_SEARCH_PATHS = "$(inherited) @executable_path/Frameworks @loader_path/Frameworks";
				PRODUCT_BUNDLE_IDENTIFIER = com.ccnn.TheMovieCritiqueV2UITests;
				PRODUCT_NAME = "$(TARGET_NAME)";
				SWIFT_VERSION = 3.0;
				TEST_TARGET_NAME = TheMovieCritiqueV2;
			};
			name = Debug;
		};
		1D21B67E1EC0780800E5D482 /* Release */ = {
			isa = XCBuildConfiguration;
			buildSettings = {
				ALWAYS_EMBED_SWIFT_STANDARD_LIBRARIES = YES;
				INFOPLIST_FILE = TheMovieCritiqueV2UITests/Info.plist;
				LD_RUNPATH_SEARCH_PATHS = "$(inherited) @executable_path/Frameworks @loader_path/Frameworks";
				PRODUCT_BUNDLE_IDENTIFIER = com.ccnn.TheMovieCritiqueV2UITests;
				PRODUCT_NAME = "$(TARGET_NAME)";
				SWIFT_VERSION = 3.0;
				TEST_TARGET_NAME = TheMovieCritiqueV2;
			};
			name = Release;
		};
/* End XCBuildConfiguration section */

/* Begin XCConfigurationList section */
		1D21B6461EC0780800E5D482 /* Build configuration list for PBXProject "TheMovieCritiqueV2" */ = {
			isa = XCConfigurationList;
			buildConfigurations = (
				1D21B6741EC0780800E5D482 /* Debug */,
				1D21B6751EC0780800E5D482 /* Release */,
			);
			defaultConfigurationIsVisible = 0;
			defaultConfigurationName = Release;
		};
		1D21B6761EC0780800E5D482 /* Build configuration list for PBXNativeTarget "TheMovieCritiqueV2" */ = {
			isa = XCConfigurationList;
			buildConfigurations = (
				1D21B6771EC0780800E5D482 /* Debug */,
				1D21B6781EC0780800E5D482 /* Release */,
			);
			defaultConfigurationIsVisible = 0;
			defaultConfigurationName = Release;
		};
		1D21B6791EC0780800E5D482 /* Build configuration list for PBXNativeTarget "TheMovieCritiqueV2Tests" */ = {
			isa = XCConfigurationList;
			buildConfigurations = (
				1D21B67A1EC0780800E5D482 /* Debug */,
				1D21B67B1EC0780800E5D482 /* Release */,
			);
			defaultConfigurationIsVisible = 0;
			defaultConfigurationName = Release;
		};
		1D21B67C1EC0780800E5D482 /* Build configuration list for PBXNativeTarget "TheMovieCritiqueV2UITests" */ = {
			isa = XCConfigurationList;
			buildConfigurations = (
				1D21B67D1EC0780800E5D482 /* Debug */,
				1D21B67E1EC0780800E5D482 /* Release */,
			);
			defaultConfigurationIsVisible = 0;
			defaultConfigurationName = Release;
		};
/* End XCConfigurationList section */

/* Begin XCVersionGroup section */
		1D21B6551EC0780800E5D482 /* TheMovieCritiqueV2.xcdatamodeld */ = {
			isa = XCVersionGroup;
			children = (
				1D21B6561EC0780800E5D482 /* TheMovieCritiqueV2.xcdatamodel */,
			);
			currentVersion = 1D21B6561EC0780800E5D482 /* TheMovieCritiqueV2.xcdatamodel */;
			path = TheMovieCritiqueV2.xcdatamodeld;
			sourceTree = "<group>";
			versionGroupType = wrapper.xcdatamodel;
		};
/* End XCVersionGroup section */
	};
	rootObject = 1D21B6431EC0780800E5D482 /* Project object */;
}
